
Microsoft Visual Studio Solution File, Format Version 12.00
# Visual Studio Version 17
VisualStudioVersion = 17.11.35219.272
MinimumVisualStudioVersion = 10.0.40219.1
Project("{FAE04EC0-301F-11D3-BF4B-00C04F79EFBC}") = "NPUApp", "NPUApp\NPUApp.csproj", "{9C3989C0-6020-49D4-9BDA-8D69A1B9E577}"
EndProject
Project("{FAE04EC0-301F-11D3-BF4B-00C04F79EFBC}") = "NPUApp.Database", "NPUApp.Database\NPUApp.Database.csproj", "{5DF08984-A890-4EF7-899A-6D4C6283324F}"
EndProject
Global
	GlobalSection(SolutionConfigurationPlatforms) = preSolution
		Debug|Any CPU = Debug|Any CPU
		Release|Any CPU = Release|Any CPU
	EndGlobalSection
	GlobalSection(ProjectConfigurationPlatforms) = postSolution
		{9C3989C0-6020-49D4-9BDA-8D69A1B9E577}.Debug|Any CPU.ActiveCfg = Debug|Any CPU
		{9C3989C0-6020-49D4-9BDA-8D69A1B9E577}.Debug|Any CPU.Build.0 = Debug|Any CPU
		{9C3989C0-6020-49D4-9BDA-8D69A1B9E577}.Release|Any CPU.ActiveCfg = Release|Any CPU
		{9C3989C0-6020-49D4-9BDA-8D69A1B9E577}.Release|Any CPU.Build.0 = Release|Any CPU
		{5DF08984-A890-4EF7-899A-6D4C6283324F}.Debug|Any CPU.ActiveCfg = Debug|Any CPU
		{5DF08984-A890-4EF7-899A-6D4C6283324F}.Debug|Any CPU.Build.0 = Debug|Any CPU
		{5DF08984-A890-4EF7-899A-6D4C6283324F}.Release|Any CPU.ActiveCfg = Release|Any CPU
		{5DF08984-A890-4EF7-899A-6D4C6283324F}.Release|Any CPU.Build.0 = Release|Any CPU
	EndGlobalSection
	GlobalSection(SolutionProperties) = preSolution
		HideSolutionNode = FALSE
	EndGlobalSection
	GlobalSection(ExtensibilityGlobals) = postSolution
		SolutionGuid = {8E841C5C-0E16-47AB-AA88-F0480807CD1F}
	EndGlobalSection
EndGlobal
